// !$*UTF8*$!
{
	archiveVersion = 1;
	classes = {
	};
	objectVersion = 56;
	objects = {

/* Begin PBXBuildFile section */
		D24C49702C33D8CA005160B6 /* HomeViewModel.swift in Sources */ = {isa = PBXBuildFile; fileRef = D24C496F2C33D8CA005160B6 /* HomeViewModel.swift */; };
		D24C49732C33D92B005160B6 /* GetCharacterUseCase.swift in Sources */ = {isa = PBXBuildFile; fileRef = D24C49722C33D92B005160B6 /* GetCharacterUseCase.swift */; };
		D24C49752C33DEFD005160B6 /* CharacterCell.swift in Sources */ = {isa = PBXBuildFile; fileRef = D24C49742C33DEFC005160B6 /* CharacterCell.swift */; };
		D25EE0162C32D0D3002A34E8 /* MarvelApp.swift in Sources */ = {isa = PBXBuildFile; fileRef = D25EE0152C32D0D3002A34E8 /* MarvelApp.swift */; };
		D25EE0182C32D0D3002A34E8 /* HomeView.swift in Sources */ = {isa = PBXBuildFile; fileRef = D25EE0172C32D0D3002A34E8 /* HomeView.swift */; };
		D25EE01A2C32D0D4002A34E8 /* Assets.xcassets in Resources */ = {isa = PBXBuildFile; fileRef = D25EE0192C32D0D4002A34E8 /* Assets.xcassets */; };
		D25EE01D2C32D0D4002A34E8 /* Preview Assets.xcassets in Resources */ = {isa = PBXBuildFile; fileRef = D25EE01C2C32D0D4002A34E8 /* Preview Assets.xcassets */; };
		D25EE0272C32D0D4002A34E8 /* MarvelTests.swift in Sources */ = {isa = PBXBuildFile; fileRef = D25EE0262C32D0D4002A34E8 /* MarvelTests.swift */; };
		D25EE0312C32D0D4002A34E8 /* MarvelUITests.swift in Sources */ = {isa = PBXBuildFile; fileRef = D25EE0302C32D0D4002A34E8 /* MarvelUITests.swift */; };
		D25EE0332C32D0D4002A34E8 /* MarvelUITestsLaunchTests.swift in Sources */ = {isa = PBXBuildFile; fileRef = D25EE0322C32D0D4002A34E8 /* MarvelUITestsLaunchTests.swift */; };
		D25EE0412C32D17E002A34E8 /* Mapleable.swift in Sources */ = {isa = PBXBuildFile; fileRef = D25EE0402C32D17E002A34E8 /* Mapleable.swift */; };
		D25EE0432C32D25C002A34E8 /* URLComponents+init.swift in Sources */ = {isa = PBXBuildFile; fileRef = D25EE0422C32D25C002A34E8 /* URLComponents+init.swift */; };
		D25EE0452C32D594002A34E8 /* URLRequest+init.swift in Sources */ = {isa = PBXBuildFile; fileRef = D25EE0442C32D594002A34E8 /* URLRequest+init.swift */; };
		D25EE0472C32D703002A34E8 /* URLSession+Client.swift in Sources */ = {isa = PBXBuildFile; fileRef = D25EE0462C32D702002A34E8 /* URLSession+Client.swift */; };
		D25EE04B2C32DC71002A34E8 /* Character.swift in Sources */ = {isa = PBXBuildFile; fileRef = D25EE04A2C32DC71002A34E8 /* Character.swift */; };
/* End PBXBuildFile section */

/* Begin PBXContainerItemProxy section */
		D25EE0232C32D0D4002A34E8 /* PBXContainerItemProxy */ = {
			isa = PBXContainerItemProxy;
			containerPortal = D25EE00A2C32D0D3002A34E8 /* Project object */;
			proxyType = 1;
			remoteGlobalIDString = D25EE0112C32D0D3002A34E8;
			remoteInfo = Marvel;
		};
		D25EE02D2C32D0D4002A34E8 /* PBXContainerItemProxy */ = {
			isa = PBXContainerItemProxy;
			containerPortal = D25EE00A2C32D0D3002A34E8 /* Project object */;
			proxyType = 1;
			remoteGlobalIDString = D25EE0112C32D0D3002A34E8;
			remoteInfo = Marvel;
		};
/* End PBXContainerItemProxy section */

/* Begin PBXFileReference section */
		D24C496F2C33D8CA005160B6 /* HomeViewModel.swift */ = {isa = PBXFileReference; lastKnownFileType = sourcecode.swift; path = HomeViewModel.swift; sourceTree = "<group>"; };
		D24C49722C33D92B005160B6 /* GetCharacterUseCase.swift */ = {isa = PBXFileReference; lastKnownFileType = sourcecode.swift; path = GetCharacterUseCase.swift; sourceTree = "<group>"; };
		D24C49742C33DEFC005160B6 /* CharacterCell.swift */ = {isa = PBXFileReference; lastKnownFileType = sourcecode.swift; path = CharacterCell.swift; sourceTree = "<group>"; };
		D25EE0122C32D0D3002A34E8 /* Marvel.app */ = {isa = PBXFileReference; explicitFileType = wrapper.application; includeInIndex = 0; path = Marvel.app; sourceTree = BUILT_PRODUCTS_DIR; };
		D25EE0152C32D0D3002A34E8 /* MarvelApp.swift */ = {isa = PBXFileReference; lastKnownFileType = sourcecode.swift; path = MarvelApp.swift; sourceTree = "<group>"; };
		D25EE0172C32D0D3002A34E8 /* HomeView.swift */ = {isa = PBXFileReference; lastKnownFileType = sourcecode.swift; path = HomeView.swift; sourceTree = "<group>"; };
		D25EE0192C32D0D4002A34E8 /* Assets.xcassets */ = {isa = PBXFileReference; lastKnownFileType = folder.assetcatalog; path = Assets.xcassets; sourceTree = "<group>"; };
		D25EE01C2C32D0D4002A34E8 /* Preview Assets.xcassets */ = {isa = PBXFileReference; lastKnownFileType = folder.assetcatalog; path = "Preview Assets.xcassets"; sourceTree = "<group>"; };
		D25EE0222C32D0D4002A34E8 /* MarvelTests.xctest */ = {isa = PBXFileReference; explicitFileType = wrapper.cfbundle; includeInIndex = 0; path = MarvelTests.xctest; sourceTree = BUILT_PRODUCTS_DIR; };
		D25EE0262C32D0D4002A34E8 /* MarvelTests.swift */ = {isa = PBXFileReference; lastKnownFileType = sourcecode.swift; path = MarvelTests.swift; sourceTree = "<group>"; };
		D25EE02C2C32D0D4002A34E8 /* MarvelUITests.xctest */ = {isa = PBXFileReference; explicitFileType = wrapper.cfbundle; includeInIndex = 0; path = MarvelUITests.xctest; sourceTree = BUILT_PRODUCTS_DIR; };
		D25EE0302C32D0D4002A34E8 /* MarvelUITests.swift */ = {isa = PBXFileReference; lastKnownFileType = sourcecode.swift; path = MarvelUITests.swift; sourceTree = "<group>"; };
		D25EE0322C32D0D4002A34E8 /* MarvelUITestsLaunchTests.swift */ = {isa = PBXFileReference; lastKnownFileType = sourcecode.swift; path = MarvelUITestsLaunchTests.swift; sourceTree = "<group>"; };
		D25EE0402C32D17E002A34E8 /* Mapleable.swift */ = {isa = PBXFileReference; lastKnownFileType = sourcecode.swift; path = Mapleable.swift; sourceTree = "<group>"; };
		D25EE0422C32D25C002A34E8 /* URLComponents+init.swift */ = {isa = PBXFileReference; lastKnownFileType = sourcecode.swift; path = "URLComponents+init.swift"; sourceTree = "<group>"; };
		D25EE0442C32D594002A34E8 /* URLRequest+init.swift */ = {isa = PBXFileReference; lastKnownFileType = sourcecode.swift; path = "URLRequest+init.swift"; sourceTree = "<group>"; };
		D25EE0462C32D702002A34E8 /* URLSession+Client.swift */ = {isa = PBXFileReference; lastKnownFileType = sourcecode.swift; path = "URLSession+Client.swift"; sourceTree = "<group>"; };
		D25EE04A2C32DC71002A34E8 /* Character.swift */ = {isa = PBXFileReference; lastKnownFileType = sourcecode.swift; path = Character.swift; sourceTree = "<group>"; };
/* End PBXFileReference section */

/* Begin PBXFrameworksBuildPhase section */
		D25EE00F2C32D0D3002A34E8 /* Frameworks */ = {
			isa = PBXFrameworksBuildPhase;
			buildActionMask = 2147483647;
			files = (
			);
			runOnlyForDeploymentPostprocessing = 0;
		};
		D25EE01F2C32D0D4002A34E8 /* Frameworks */ = {
			isa = PBXFrameworksBuildPhase;
			buildActionMask = 2147483647;
			files = (
			);
			runOnlyForDeploymentPostprocessing = 0;
		};
		D25EE0292C32D0D4002A34E8 /* Frameworks */ = {
			isa = PBXFrameworksBuildPhase;
			buildActionMask = 2147483647;
			files = (
			);
			runOnlyForDeploymentPostprocessing = 0;
		};
/* End PBXFrameworksBuildPhase section */

/* Begin PBXGroup section */
		D24C49712C33D917005160B6 /* UseCases */ = {
			isa = PBXGroup;
			children = (
				D24C49722C33D92B005160B6 /* GetCharacterUseCase.swift */,
			);
			path = UseCases;
			sourceTree = "<group>";
		};
		D25EE0092C32D0D3002A34E8 = {
			isa = PBXGroup;
			children = (
				D25EE0142C32D0D3002A34E8 /* Marvel */,
				D25EE0252C32D0D4002A34E8 /* MarvelTests */,
				D25EE02F2C32D0D4002A34E8 /* MarvelUITests */,
				D25EE0132C32D0D3002A34E8 /* Products */,
			);
			sourceTree = "<group>";
		};
		D25EE0132C32D0D3002A34E8 /* Products */ = {
			isa = PBXGroup;
			children = (
				D25EE0122C32D0D3002A34E8 /* Marvel.app */,
				D25EE0222C32D0D4002A34E8 /* MarvelTests.xctest */,
				D25EE02C2C32D0D4002A34E8 /* MarvelUITests.xctest */,
			);
			name = Products;
			sourceTree = "<group>";
		};
		D25EE0142C32D0D3002A34E8 /* Marvel */ = {
			isa = PBXGroup;
			children = (
				D24C49712C33D917005160B6 /* UseCases */,
				D25EE0482C32DC51002A34E8 /* Model */,
				D25EE03F2C32D149002A34E8 /* Service */,
				D25EE0152C32D0D3002A34E8 /* MarvelApp.swift */,
				D25EE0172C32D0D3002A34E8 /* HomeView.swift */,
				D24C496F2C33D8CA005160B6 /* HomeViewModel.swift */,
				D24C49742C33DEFC005160B6 /* CharacterCell.swift */,
				D25EE0192C32D0D4002A34E8 /* Assets.xcassets */,
				D25EE01B2C32D0D4002A34E8 /* Preview Content */,
			);
			path = Marvel;
			sourceTree = "<group>";
		};
		D25EE01B2C32D0D4002A34E8 /* Preview Content */ = {
			isa = PBXGroup;
			children = (
				D25EE01C2C32D0D4002A34E8 /* Preview Assets.xcassets */,
			);
			path = "Preview Content";
			sourceTree = "<group>";
		};
		D25EE0252C32D0D4002A34E8 /* MarvelTests */ = {
			isa = PBXGroup;
			children = (
				D25EE0262C32D0D4002A34E8 /* MarvelTests.swift */,
			);
			path = MarvelTests;
			sourceTree = "<group>";
		};
		D25EE02F2C32D0D4002A34E8 /* MarvelUITests */ = {
			isa = PBXGroup;
			children = (
				D25EE0302C32D0D4002A34E8 /* MarvelUITests.swift */,
				D25EE0322C32D0D4002A34E8 /* MarvelUITestsLaunchTests.swift */,
			);
			path = MarvelUITests;
			sourceTree = "<group>";
		};
		D25EE03F2C32D149002A34E8 /* Service */ = {
			isa = PBXGroup;
			children = (
				D25EE0402C32D17E002A34E8 /* Mapleable.swift */,
				D25EE0422C32D25C002A34E8 /* URLComponents+init.swift */,
				D25EE0442C32D594002A34E8 /* URLRequest+init.swift */,
				D25EE0462C32D702002A34E8 /* URLSession+Client.swift */,
			);
			path = Service;
			sourceTree = "<group>";
		};
		D25EE0482C32DC51002A34E8 /* Model */ = {
			isa = PBXGroup;
			children = (
				D25EE0492C32DC5D002A34E8 /* DTO */,
			);
			path = Model;
			sourceTree = "<group>";
		};
		D25EE0492C32DC5D002A34E8 /* DTO */ = {
			isa = PBXGroup;
			children = (
				D25EE04A2C32DC71002A34E8 /* Character.swift */,
			);
			path = DTO;
			sourceTree = "<group>";
		};
/* End PBXGroup section */

/* Begin PBXNativeTarget section */
		D25EE0112C32D0D3002A34E8 /* Marvel */ = {
			isa = PBXNativeTarget;
			buildConfigurationList = D25EE0362C32D0D4002A34E8 /* Build configuration list for PBXNativeTarget "Marvel" */;
			buildPhases = (
				D25EE00E2C32D0D3002A34E8 /* Sources */,
				D25EE00F2C32D0D3002A34E8 /* Frameworks */,
				D25EE0102C32D0D3002A34E8 /* Resources */,
			);
			buildRules = (
			);
			dependencies = (
			);
			name = Marvel;
			productName = Marvel;
			productReference = D25EE0122C32D0D3002A34E8 /* Marvel.app */;
			productType = "com.apple.product-type.application";
		};
		D25EE0212C32D0D4002A34E8 /* MarvelTests */ = {
			isa = PBXNativeTarget;
			buildConfigurationList = D25EE0392C32D0D4002A34E8 /* Build configuration list for PBXNativeTarget "MarvelTests" */;
			buildPhases = (
				D25EE01E2C32D0D4002A34E8 /* Sources */,
				D25EE01F2C32D0D4002A34E8 /* Frameworks */,
				D25EE0202C32D0D4002A34E8 /* Resources */,
			);
			buildRules = (
			);
			dependencies = (
				D25EE0242C32D0D4002A34E8 /* PBXTargetDependency */,
			);
			name = MarvelTests;
			productName = MarvelTests;
			productReference = D25EE0222C32D0D4002A34E8 /* MarvelTests.xctest */;
			productType = "com.apple.product-type.bundle.unit-test";
		};
		D25EE02B2C32D0D4002A34E8 /* MarvelUITests */ = {
			isa = PBXNativeTarget;
			buildConfigurationList = D25EE03C2C32D0D4002A34E8 /* Build configuration list for PBXNativeTarget "MarvelUITests" */;
			buildPhases = (
				D25EE0282C32D0D4002A34E8 /* Sources */,
				D25EE0292C32D0D4002A34E8 /* Frameworks */,
				D25EE02A2C32D0D4002A34E8 /* Resources */,
			);
			buildRules = (
			);
			dependencies = (
				D25EE02E2C32D0D4002A34E8 /* PBXTargetDependency */,
			);
			name = MarvelUITests;
			productName = MarvelUITests;
			productReference = D25EE02C2C32D0D4002A34E8 /* MarvelUITests.xctest */;
			productType = "com.apple.product-type.bundle.ui-testing";
		};
/* End PBXNativeTarget section */

/* Begin PBXProject section */
		D25EE00A2C32D0D3002A34E8 /* Project object */ = {
			isa = PBXProject;
			attributes = {
				BuildIndependentTargetsInParallel = 1;
				LastSwiftUpdateCheck = 1540;
				LastUpgradeCheck = 1540;
				TargetAttributes = {
					D25EE0112C32D0D3002A34E8 = {
						CreatedOnToolsVersion = 15.4;
					};
					D25EE0212C32D0D4002A34E8 = {
						CreatedOnToolsVersion = 15.4;
						TestTargetID = D25EE0112C32D0D3002A34E8;
					};
					D25EE02B2C32D0D4002A34E8 = {
						CreatedOnToolsVersion = 15.4;
						TestTargetID = D25EE0112C32D0D3002A34E8;
					};
				};
			};
			buildConfigurationList = D25EE00D2C32D0D3002A34E8 /* Build configuration list for PBXProject "Marvel" */;
			compatibilityVersion = "Xcode 14.0";
			developmentRegion = en;
			hasScannedForEncodings = 0;
			knownRegions = (
				en,
				Base,
			);
			mainGroup = D25EE0092C32D0D3002A34E8;
			productRefGroup = D25EE0132C32D0D3002A34E8 /* Products */;
			projectDirPath = "";
			projectRoot = "";
			targets = (
				D25EE0112C32D0D3002A34E8 /* Marvel */,
				D25EE0212C32D0D4002A34E8 /* MarvelTests */,
				D25EE02B2C32D0D4002A34E8 /* MarvelUITests */,
			);
		};
/* End PBXProject section */

/* Begin PBXResourcesBuildPhase section */
		D25EE0102C32D0D3002A34E8 /* Resources */ = {
			isa = PBXResourcesBuildPhase;
			buildActionMask = 2147483647;
			files = (
				D25EE01D2C32D0D4002A34E8 /* Preview Assets.xcassets in Resources */,
				D25EE01A2C32D0D4002A34E8 /* Assets.xcassets in Resources */,
			);
			runOnlyForDeploymentPostprocessing = 0;
		};
		D25EE0202C32D0D4002A34E8 /* Resources */ = {
			isa = PBXResourcesBuildPhase;
			buildActionMask = 2147483647;
			files = (
			);
			runOnlyForDeploymentPostprocessing = 0;
		};
		D25EE02A2C32D0D4002A34E8 /* Resources */ = {
			isa = PBXResourcesBuildPhase;
			buildActionMask = 2147483647;
			files = (
			);
			runOnlyForDeploymentPostprocessing = 0;
		};
/* End PBXResourcesBuildPhase section */

/* Begin PBXSourcesBuildPhase section */
		D25EE00E2C32D0D3002A34E8 /* Sources */ = {
			isa = PBXSourcesBuildPhase;
			buildActionMask = 2147483647;
			files = (
				D25EE0412C32D17E002A34E8 /* Mapleable.swift in Sources */,
				D25EE0452C32D594002A34E8 /* URLRequest+init.swift in Sources */,
				D25EE04B2C32DC71002A34E8 /* Character.swift in Sources */,
				D24C49702C33D8CA005160B6 /* HomeViewModel.swift in Sources */,
				D25EE0182C32D0D3002A34E8 /* HomeView.swift in Sources */,
				D24C49752C33DEFD005160B6 /* CharacterCell.swift in Sources */,
				D24C49732C33D92B005160B6 /* GetCharacterUseCase.swift in Sources */,
				D25EE0472C32D703002A34E8 /* URLSession+Client.swift in Sources */,
				D25EE0162C32D0D3002A34E8 /* MarvelApp.swift in Sources */,
				D25EE0432C32D25C002A34E8 /* URLComponents+init.swift in Sources */,
			);
			runOnlyForDeploymentPostprocessing = 0;
		};
		D25EE01E2C32D0D4002A34E8 /* Sources */ = {
			isa = PBXSourcesBuildPhase;
			buildActionMask = 2147483647;
			files = (
				D25EE0272C32D0D4002A34E8 /* MarvelTests.swift in Sources */,
			);
			runOnlyForDeploymentPostprocessing = 0;
		};
		D25EE0282C32D0D4002A34E8 /* Sources */ = {
			isa = PBXSourcesBuildPhase;
			buildActionMask = 2147483647;
			files = (
				D25EE0312C32D0D4002A34E8 /* MarvelUITests.swift in Sources */,
				D25EE0332C32D0D4002A34E8 /* MarvelUITestsLaunchTests.swift in Sources */,
			);
			runOnlyForDeploymentPostprocessing = 0;
		};
/* End PBXSourcesBuildPhase section */

/* Begin PBXTargetDependency section */
		D25EE0242C32D0D4002A34E8 /* PBXTargetDependency */ = {
			isa = PBXTargetDependency;
			target = D25EE0112C32D0D3002A34E8 /* Marvel */;
			targetProxy = D25EE0232C32D0D4002A34E8 /* PBXContainerItemProxy */;
		};
		D25EE02E2C32D0D4002A34E8 /* PBXTargetDependency */ = {
			isa = PBXTargetDependency;
			target = D25EE0112C32D0D3002A34E8 /* Marvel */;
			targetProxy = D25EE02D2C32D0D4002A34E8 /* PBXContainerItemProxy */;
		};
/* End PBXTargetDependency section */

/* Begin XCBuildConfiguration section */
		D25EE0342C32D0D4002A34E8 /* Debug */ = {
			isa = XCBuildConfiguration;
			buildSettings = {
				ALWAYS_SEARCH_USER_PATHS = NO;
				ASSETCATALOG_COMPILER_GENERATE_SWIFT_ASSET_SYMBOL_EXTENSIONS = YES;
				CLANG_ANALYZER_NONNULL = YES;
				CLANG_ANALYZER_NUMBER_OBJECT_CONVERSION = YES_AGGRESSIVE;
				CLANG_CXX_LANGUAGE_STANDARD = "gnu++20";
				CLANG_ENABLE_MODULES = YES;
				CLANG_ENABLE_OBJC_ARC = YES;
				CLANG_ENABLE_OBJC_WEAK = YES;
				CLANG_WARN_BLOCK_CAPTURE_AUTORELEASING = YES;
				CLANG_WARN_BOOL_CONVERSION = YES;
				CLANG_WARN_COMMA = YES;
				CLANG_WARN_CONSTANT_CONVERSION = YES;
				CLANG_WARN_DEPRECATED_OBJC_IMPLEMENTATIONS = YES;
				CLANG_WARN_DIRECT_OBJC_ISA_USAGE = YES_ERROR;
				CLANG_WARN_DOCUMENTATION_COMMENTS = YES;
				CLANG_WARN_EMPTY_BODY = YES;
				CLANG_WARN_ENUM_CONVERSION = YES;
				CLANG_WARN_INFINITE_RECURSION = YES;
				CLANG_WARN_INT_CONVERSION = YES;
				CLANG_WARN_NON_LITERAL_NULL_CONVERSION = YES;
				CLANG_WARN_OBJC_IMPLICIT_RETAIN_SELF = YES;
				CLANG_WARN_OBJC_LITERAL_CONVERSION = YES;
				CLANG_WARN_OBJC_ROOT_CLASS = YES_ERROR;
				CLANG_WARN_QUOTED_INCLUDE_IN_FRAMEWORK_HEADER = YES;
				CLANG_WARN_RANGE_LOOP_ANALYSIS = YES;
				CLANG_WARN_STRICT_PROTOTYPES = YES;
				CLANG_WARN_SUSPICIOUS_MOVE = YES;
				CLANG_WARN_UNGUARDED_AVAILABILITY = YES_AGGRESSIVE;
				CLANG_WARN_UNREACHABLE_CODE = YES;
				CLANG_WARN__DUPLICATE_METHOD_MATCH = YES;
				COPY_PHASE_STRIP = NO;
				DEBUG_INFORMATION_FORMAT = dwarf;
				ENABLE_STRICT_OBJC_MSGSEND = YES;
				ENABLE_TESTABILITY = YES;
				ENABLE_USER_SCRIPT_SANDBOXING = YES;
				GCC_C_LANGUAGE_STANDARD = gnu17;
				GCC_DYNAMIC_NO_PIC = NO;
				GCC_NO_COMMON_BLOCKS = YES;
				GCC_OPTIMIZATION_LEVEL = 0;
				GCC_PREPROCESSOR_DEFINITIONS = (
					"DEBUG=1",
					"$(inherited)",
				);
				GCC_WARN_64_TO_32_BIT_CONVERSION = YES;
				GCC_WARN_ABOUT_RETURN_TYPE = YES_ERROR;
				GCC_WARN_UNDECLARED_SELECTOR = YES;
				GCC_WARN_UNINITIALIZED_AUTOS = YES_AGGRESSIVE;
				GCC_WARN_UNUSED_FUNCTION = YES;
				GCC_WARN_UNUSED_VARIABLE = YES;
				IPHONEOS_DEPLOYMENT_TARGET = 17.5;
				LOCALIZATION_PREFERS_STRING_CATALOGS = YES;
				MTL_ENABLE_DEBUG_INFO = INCLUDE_SOURCE;
				MTL_FAST_MATH = YES;
				ONLY_ACTIVE_ARCH = YES;
				SDKROOT = iphoneos;
				SWIFT_ACTIVE_COMPILATION_CONDITIONS = "DEBUG $(inherited)";
				SWIFT_OPTIMIZATION_LEVEL = "-Onone";
			};
			name = Debug;
		};
		D25EE0352C32D0D4002A34E8 /* Release */ = {
			isa = XCBuildConfiguration;
			buildSettings = {
				ALWAYS_SEARCH_USER_PATHS = NO;
				ASSETCATALOG_COMPILER_GENERATE_SWIFT_ASSET_SYMBOL_EXTENSIONS = YES;
				CLANG_ANALYZER_NONNULL = YES;
				CLANG_ANALYZER_NUMBER_OBJECT_CONVERSION = YES_AGGRESSIVE;
				CLANG_CXX_LANGUAGE_STANDARD = "gnu++20";
				CLANG_ENABLE_MODULES = YES;
				CLANG_ENABLE_OBJC_ARC = YES;
				CLANG_ENABLE_OBJC_WEAK = YES;
				CLANG_WARN_BLOCK_CAPTURE_AUTORELEASING = YES;
				CLANG_WARN_BOOL_CONVERSION = YES;
				CLANG_WARN_COMMA = YES;
				CLANG_WARN_CONSTANT_CONVERSION = YES;
				CLANG_WARN_DEPRECATED_OBJC_IMPLEMENTATIONS = YES;
				CLANG_WARN_DIRECT_OBJC_ISA_USAGE = YES_ERROR;
				CLANG_WARN_DOCUMENTATION_COMMENTS = YES;
				CLANG_WARN_EMPTY_BODY = YES;
				CLANG_WARN_ENUM_CONVERSION = YES;
				CLANG_WARN_INFINITE_RECURSION = YES;
				CLANG_WARN_INT_CONVERSION = YES;
				CLANG_WARN_NON_LITERAL_NULL_CONVERSION = YES;
				CLANG_WARN_OBJC_IMPLICIT_RETAIN_SELF = YES;
				CLANG_WARN_OBJC_LITERAL_CONVERSION = YES;
				CLANG_WARN_OBJC_ROOT_CLASS = YES_ERROR;
				CLANG_WARN_QUOTED_INCLUDE_IN_FRAMEWORK_HEADER = YES;
				CLANG_WARN_RANGE_LOOP_ANALYSIS = YES;
				CLANG_WARN_STRICT_PROTOTYPES = YES;
				CLANG_WARN_SUSPICIOUS_MOVE = YES;
				CLANG_WARN_UNGUARDED_AVAILABILITY = YES_AGGRESSIVE;
				CLANG_WARN_UNREACHABLE_CODE = YES;
				CLANG_WARN__DUPLICATE_METHOD_MATCH = YES;
				COPY_PHASE_STRIP = NO;
				DEBUG_INFORMATION_FORMAT = "dwarf-with-dsym";
				ENABLE_NS_ASSERTIONS = NO;
				ENABLE_STRICT_OBJC_MSGSEND = YES;
				ENABLE_USER_SCRIPT_SANDBOXING = YES;
				GCC_C_LANGUAGE_STANDARD = gnu17;
				GCC_NO_COMMON_BLOCKS = YES;
				GCC_WARN_64_TO_32_BIT_CONVERSION = YES;
				GCC_WARN_ABOUT_RETURN_TYPE = YES_ERROR;
				GCC_WARN_UNDECLARED_SELECTOR = YES;
				GCC_WARN_UNINITIALIZED_AUTOS = YES_AGGRESSIVE;
				GCC_WARN_UNUSED_FUNCTION = YES;
				GCC_WARN_UNUSED_VARIABLE = YES;
				IPHONEOS_DEPLOYMENT_TARGET = 17.5;
				LOCALIZATION_PREFERS_STRING_CATALOGS = YES;
				MTL_ENABLE_DEBUG_INFO = NO;
				MTL_FAST_MATH = YES;
				SDKROOT = iphoneos;
				SWIFT_COMPILATION_MODE = wholemodule;
				VALIDATE_PRODUCT = YES;
			};
			name = Release;
		};
		D25EE0372C32D0D4002A34E8 /* Debug */ = {
			isa = XCBuildConfiguration;
			buildSettings = {
				ASSETCATALOG_COMPILER_APPICON_NAME = AppIcon;
				ASSETCATALOG_COMPILER_GLOBAL_ACCENT_COLOR_NAME = AccentColor;
				CODE_SIGN_STYLE = Automatic;
				CURRENT_PROJECT_VERSION = 1;
				DEVELOPMENT_ASSET_PATHS = "\"Marvel/Preview Content\"";
				ENABLE_PREVIEWS = YES;
				GENERATE_INFOPLIST_FILE = YES;
				INFOPLIST_KEY_UIApplicationSceneManifest_Generation = YES;
				INFOPLIST_KEY_UIApplicationSupportsIndirectInputEvents = YES;
				INFOPLIST_KEY_UILaunchScreen_Generation = YES;
				INFOPLIST_KEY_UISupportedInterfaceOrientations_iPad = "UIInterfaceOrientationPortrait UIInterfaceOrientationPortraitUpsideDown UIInterfaceOrientationLandscapeLeft UIInterfaceOrientationLandscapeRight";
				INFOPLIST_KEY_UISupportedInterfaceOrientations_iPhone = "UIInterfaceOrientationPortrait UIInterfaceOrientationLandscapeLeft UIInterfaceOrientationLandscapeRight";
				LD_RUNPATH_SEARCH_PATHS = (
					"$(inherited)",
					"@executable_path/Frameworks",
				);
				MARKETING_VERSION = 1.0;
				PRODUCT_BUNDLE_IDENTIFIER = com.plexus.luis.Marvel;
				PRODUCT_NAME = "$(TARGET_NAME)";
				SWIFT_EMIT_LOC_STRINGS = YES;
				SWIFT_VERSION = 5.0;
				TARGETED_DEVICE_FAMILY = "1,2";
			};
			name = Debug;
		};
		D25EE0382C32D0D4002A34E8 /* Release */ = {
			isa = XCBuildConfiguration;
			buildSettings = {
				ASSETCATALOG_COMPILER_APPICON_NAME = AppIcon;
				ASSETCATALOG_COMPILER_GLOBAL_ACCENT_COLOR_NAME = AccentColor;
				CODE_SIGN_STYLE = Automatic;
				CURRENT_PROJECT_VERSION = 1;
				DEVELOPMENT_ASSET_PATHS = "\"Marvel/Preview Content\"";
				ENABLE_PREVIEWS = YES;
				GENERATE_INFOPLIST_FILE = YES;
				INFOPLIST_KEY_UIApplicationSceneManifest_Generation = YES;
				INFOPLIST_KEY_UIApplicationSupportsIndirectInputEvents = YES;
				INFOPLIST_KEY_UILaunchScreen_Generation = YES;
				INFOPLIST_KEY_UISupportedInterfaceOrientations_iPad = "UIInterfaceOrientationPortrait UIInterfaceOrientationPortraitUpsideDown UIInterfaceOrientationLandscapeLeft UIInterfaceOrientationLandscapeRight";
				INFOPLIST_KEY_UISupportedInterfaceOrientations_iPhone = "UIInterfaceOrientationPortrait UIInterfaceOrientationLandscapeLeft UIInterfaceOrientationLandscapeRight";
				LD_RUNPATH_SEARCH_PATHS = (
					"$(inherited)",
					"@executable_path/Frameworks",
				);
				MARKETING_VERSION = 1.0;
				PRODUCT_BUNDLE_IDENTIFIER = com.plexus.luis.Marvel;
				PRODUCT_NAME = "$(TARGET_NAME)";
				SWIFT_EMIT_LOC_STRINGS = YES;
				SWIFT_VERSION = 5.0;
				TARGETED_DEVICE_FAMILY = "1,2";
			};
			name = Release;
		};
		D25EE03A2C32D0D4002A34E8 /* Debug */ = {
			isa = XCBuildConfiguration;
			buildSettings = {
				ALWAYS_EMBED_SWIFT_STANDARD_LIBRARIES = YES;
				BUNDLE_LOADER = "$(TEST_HOST)";
				CODE_SIGN_STYLE = Automatic;
				CURRENT_PROJECT_VERSION = 1;
				GENERATE_INFOPLIST_FILE = YES;
				IPHONEOS_DEPLOYMENT_TARGET = 17.5;
				MARKETING_VERSION = 1.0;
				PRODUCT_BUNDLE_IDENTIFIER = com.plexus.luis.MarvelTests;
				PRODUCT_NAME = "$(TARGET_NAME)";
				SWIFT_EMIT_LOC_STRINGS = NO;
				SWIFT_VERSION = 5.0;
				TARGETED_DEVICE_FAMILY = "1,2";
				TEST_HOST = "$(BUILT_PRODUCTS_DIR)/Marvel.app/$(BUNDLE_EXECUTABLE_FOLDER_PATH)/Marvel";
			};
			name = Debug;
		};
		D25EE03B2C32D0D4002A34E8 /* Release */ = {
			isa = XCBuildConfiguration;
			buildSettings = {
				ALWAYS_EMBED_SWIFT_STANDARD_LIBRARIES = YES;
				BUNDLE_LOADER = "$(TEST_HOST)";
				CODE_SIGN_STYLE = Automatic;
				CURRENT_PROJECT_VERSION = 1;
				GENERATE_INFOPLIST_FILE = YES;
				IPHONEOS_DEPLOYMENT_TARGET = 17.5;
				MARKETING_VERSION = 1.0;
				PRODUCT_BUNDLE_IDENTIFIER = com.plexus.luis.MarvelTests;
				PRODUCT_NAME = "$(TARGET_NAME)";
				SWIFT_EMIT_LOC_STRINGS = NO;
				SWIFT_VERSION = 5.0;
				TARGETED_DEVICE_FAMILY = "1,2";
				TEST_HOST = "$(BUILT_PRODUCTS_DIR)/Marvel.app/$(BUNDLE_EXECUTABLE_FOLDER_PATH)/Marvel";
			};
			name = Release;
		};
		D25EE03D2C32D0D4002A34E8 /* Debug */ = {
			isa = XCBuildConfiguration;
			buildSettings = {
				ALWAYS_EMBED_SWIFT_STANDARD_LIBRARIES = YES;
				CODE_SIGN_STYLE = Automatic;
				CURRENT_PROJECT_VERSION = 1;
				GENERATE_INFOPLIST_FILE = YES;
				MARKETING_VERSION = 1.0;
				PRODUCT_BUNDLE_IDENTIFIER = com.plexus.luis.MarvelUITests;
				PRODUCT_NAME = "$(TARGET_NAME)";
				SWIFT_EMIT_LOC_STRINGS = NO;
				SWIFT_VERSION = 5.0;
				TARGETED_DEVICE_FAMILY = "1,2";
				TEST_TARGET_NAME = Marvel;
			};
			name = Debug;
		};
		D25EE03E2C32D0D4002A34E8 /* Release */ = {
			isa = XCBuildConfiguration;
			buildSettings = {
				ALWAYS_EMBED_SWIFT_STANDARD_LIBRARIES = YES;
				CODE_SIGN_STYLE = Automatic;
				CURRENT_PROJECT_VERSION = 1;
				GENERATE_INFOPLIST_FILE = YES;
				MARKETING_VERSION = 1.0;
				PRODUCT_BUNDLE_IDENTIFIER = com.plexus.luis.MarvelUITests;
				PRODUCT_NAME = "$(TARGET_NAME)";
				SWIFT_EMIT_LOC_STRINGS = NO;
				SWIFT_VERSION = 5.0;
				TARGETED_DEVICE_FAMILY = "1,2";
				TEST_TARGET_NAME = Marvel;
			};
			name = Release;
		};
/* End XCBuildConfiguration section */

/* Begin XCConfigurationList section */
		D25EE00D2C32D0D3002A34E8 /* Build configuration list for PBXProject "Marvel" */ = {
			isa = XCConfigurationList;
			buildConfigurations = (
				D25EE0342C32D0D4002A34E8 /* Debug */,
				D25EE0352C32D0D4002A34E8 /* Release */,
			);
			defaultConfigurationIsVisible = 0;
			defaultConfigurationName = Release;
		};
		D25EE0362C32D0D4002A34E8 /* Build configuration list for PBXNativeTarget "Marvel" */ = {
			isa = XCConfigurationList;
			buildConfigurations = (
				D25EE0372C32D0D4002A34E8 /* Debug */,
				D25EE0382C32D0D4002A34E8 /* Release */,
			);
			defaultConfigurationIsVisible = 0;
			defaultConfigurationName = Release;
		};
		D25EE0392C32D0D4002A34E8 /* Build configuration list for PBXNativeTarget "MarvelTests" */ = {
			isa = XCConfigurationList;
			buildConfigurations = (
				D25EE03A2C32D0D4002A34E8 /* Debug */,
				D25EE03B2C32D0D4002A34E8 /* Release */,
			);
			defaultConfigurationIsVisible = 0;
			defaultConfigurationName = Release;
		};
		D25EE03C2C32D0D4002A34E8 /* Build configuration list for PBXNativeTarget "MarvelUITests" */ = {
			isa = XCConfigurationList;
			buildConfigurations = (
				D25EE03D2C32D0D4002A34E8 /* Debug */,
				D25EE03E2C32D0D4002A34E8 /* Release */,
			);
			defaultConfigurationIsVisible = 0;
			defaultConfigurationName = Release;
		};
/* End XCConfigurationList section */
	};
	rootObject = D25EE00A2C32D0D3002A34E8 /* Project object */;
}
